
Microsoft Visual Studio Solution File, Format Version 12.00
# Visual Studio Version 16
VisualStudioVersion = 16.0.29519.181
MinimumVisualStudioVersion = 10.0.40219.1
Project("{2150E333-8FDC-42A3-9474-1A3956D46DE8}") = "Config", "Config", "{6BDAE5C1-D308-42EF-8B1C-60964D58A384}"
ProjectSection(SolutionItems) = preProject
	CodeAnalysis.ruleset = CodeAnalysis.ruleset
	global.json = global.json
	..\CHANGELOG.md = ..\CHANGELOG.md
	..\README.md = ..\README.md
EndProjectSection
EndProject
Project("{FAE04EC0-301F-11D3-BF4B-00C04F79EFBC}") = "Credfeto.Services.Startup.Interfaces", "Credfeto.Services.Startup.Interfaces\Credfeto.Services.Startup.Interfaces.csproj", "{F504B22B-0500-4CCC-AE4C-172A645B9133}"
EndProject
Project("{FAE04EC0-301F-11D3-BF4B-00C04F79EFBC}") = "Credfeto.Services.Startup", "Credfeto.Services.Startup\Credfeto.Services.Startup.csproj", "{518D7C56-CABB-4321-9F62-984821740A36}"
EndProject
Project("{FAE04EC0-301F-11D3-BF4B-00C04F79EFBC}") = "Credfeto.Services.Startup.Tests", "Credfeto.Services.Startup.Tests\Credfeto.Services.Startup.Tests.csproj", "{CC8D974F-B272-4454-AF5C-50158D91A35D}"
EndProject
Global
	GlobalSection(ProjectConfigurationPlatforms) = postSolution
		{F504B22B-0500-4CCC-AE4C-172A645B9133}.Debug|Any CPU.ActiveCfg = Debug|Any CPU
		{F504B22B-0500-4CCC-AE4C-172A645B9133}.Debug|Any CPU.Build.0 = Debug|Any CPU
		{F504B22B-0500-4CCC-AE4C-172A645B9133}.Release|Any CPU.ActiveCfg = Release|Any CPU
		{F504B22B-0500-4CCC-AE4C-172A645B9133}.Release|Any CPU.Build.0 = Release|Any CPU
		{518D7C56-CABB-4321-9F62-984821740A36}.Debug|Any CPU.ActiveCfg = Debug|Any CPU
		{518D7C56-CABB-4321-9F62-984821740A36}.Debug|Any CPU.Build.0 = Debug|Any CPU
		{518D7C56-CABB-4321-9F62-984821740A36}.Release|Any CPU.ActiveCfg = Release|Any CPU
		{518D7C56-CABB-4321-9F62-984821740A36}.Release|Any CPU.Build.0 = Release|Any CPU
		{CC8D974F-B272-4454-AF5C-50158D91A35D}.Debug|Any CPU.ActiveCfg = Debug|Any CPU
		{CC8D974F-B272-4454-AF5C-50158D91A35D}.Debug|Any CPU.Build.0 = Debug|Any CPU
		{CC8D974F-B272-4454-AF5C-50158D91A35D}.Release|Any CPU.ActiveCfg = Release|Any CPU
		{CC8D974F-B272-4454-AF5C-50158D91A35D}.Release|Any CPU.Build.0 = Release|Any CPU
	EndGlobalSection
	GlobalSection(SolutionConfigurationPlatforms) = preSolution
		Debug|Any CPU = Debug|Any CPU
		Release|Any CPU = Release|Any CPU
	EndGlobalSection
EndGlobal
